
Microsoft Visual Studio Solution File, Format Version 12.00
# Visual Studio 14
VisualStudioVersion = 14.0.23107.0
MinimumVisualStudioVersion = 10.0.40219.1
Project("{8BC9CEB8-8B4A-11D0-8D11-00A0C91BC942}") = "CPP03", "CPP03\CPP03.vcxproj", "{942BE6E7-F2CD-4D44-99D4-7E3BDC6AF44F}"
EndProject
Project("{8BC9CEB8-8B4A-11D0-8D11-00A0C91BC942}") = "CPP98", "CPP98\CPP98.vcxproj", "{DB54CCE3-BC27-4E27-9A82-26D1CCC9ADD9}"
EndProject
Project("{8BC9CEB8-8B4A-11D0-8D11-00A0C91BC942}") = "CPP11", "CPP11\CPP11.vcxproj", "{EA9C8ACA-C531-43F7-918F-E64FD40CFD6D}"
EndProject
Project("{8BC9CEB8-8B4A-11D0-8D11-00A0C91BC942}") = "CPP14", "CPP14\CPP14.vcxproj", "{D2CFFBD2-AFF4-4C21-9C0F-31218F25AA2F}"
EndProject
Project("{8BC9CEB8-8B4A-11D0-8D11-00A0C91BC942}") = "CPP17", "CPP17\CPP17.vcxproj", "{87297CD0-79F1-4B2A-8019-96CAA4D6C748}"
EndProject
Project("{8BC9CEB8-8B4A-11D0-8D11-00A0C91BC942}") = "CPPTR1", "CPPTR1\CPPTR1.vcxproj", "{79D21C82-CC50-4376-9973-57A45CBD979C}"
EndProject
Project("{8BC9CEB8-8B4A-11D0-8D11-00A0C91BC942}") = "CPPTR2", "CPPTR2\CPPTR2.vcxproj", "{D8CD81FD-34C3-429F-A1DE-D043C8C79F22}"
EndProject
Global
	GlobalSection(SolutionConfigurationPlatforms) = preSolution
		Debug|Any CPU = Debug|Any CPU
		Debug|ARM = Debug|ARM
		Debug|x64 = Debug|x64
		Debug|x86 = Debug|x86
		Release|Any CPU = Release|Any CPU
		Release|ARM = Release|ARM
		Release|x64 = Release|x64
		Release|x86 = Release|x86
	EndGlobalSection
	GlobalSection(ProjectConfigurationPlatforms) = postSolution
		{942BE6E7-F2CD-4D44-99D4-7E3BDC6AF44F}.Debug|Any CPU.ActiveCfg = Debug|Win32
		{942BE6E7-F2CD-4D44-99D4-7E3BDC6AF44F}.Debug|ARM.ActiveCfg = Debug|Win32
		{942BE6E7-F2CD-4D44-99D4-7E3BDC6AF44F}.Debug|x64.ActiveCfg = Debug|x64
		{942BE6E7-F2CD-4D44-99D4-7E3BDC6AF44F}.Debug|x64.Build.0 = Debug|x64
		{942BE6E7-F2CD-4D44-99D4-7E3BDC6AF44F}.Debug|x86.ActiveCfg = Debug|Win32
		{942BE6E7-F2CD-4D44-99D4-7E3BDC6AF44F}.Debug|x86.Build.0 = Debug|Win32
		{942BE6E7-F2CD-4D44-99D4-7E3BDC6AF44F}.Release|Any CPU.ActiveCfg = Release|Win32
		{942BE6E7-F2CD-4D44-99D4-7E3BDC6AF44F}.Release|ARM.ActiveCfg = Release|Win32
		{942BE6E7-F2CD-4D44-99D4-7E3BDC6AF44F}.Release|x64.ActiveCfg = Release|x64
		{942BE6E7-F2CD-4D44-99D4-7E3BDC6AF44F}.Release|x64.Build.0 = Release|x64
		{942BE6E7-F2CD-4D44-99D4-7E3BDC6AF44F}.Release|x86.ActiveCfg = Release|Win32
		{942BE6E7-F2CD-4D44-99D4-7E3BDC6AF44F}.Release|x86.Build.0 = Release|Win32
		{DB54CCE3-BC27-4E27-9A82-26D1CCC9ADD9}.Debug|Any CPU.ActiveCfg = Debug|Win32
		{DB54CCE3-BC27-4E27-9A82-26D1CCC9ADD9}.Debug|ARM.ActiveCfg = Debug|Win32
		{DB54CCE3-BC27-4E27-9A82-26D1CCC9ADD9}.Debug|x64.ActiveCfg = Debug|x64
		{DB54CCE3-BC27-4E27-9A82-26D1CCC9ADD9}.Debug|x64.Build.0 = Debug|x64
		{DB54CCE3-BC27-4E27-9A82-26D1CCC9ADD9}.Debug|x86.ActiveCfg = Debug|Win32
		{DB54CCE3-BC27-4E27-9A82-26D1CCC9ADD9}.Debug|x86.Build.0 = Debug|Win32
		{DB54CCE3-BC27-4E27-9A82-26D1CCC9ADD9}.Release|Any CPU.ActiveCfg = Release|Win32
		{DB54CCE3-BC27-4E27-9A82-26D1CCC9ADD9}.Release|ARM.ActiveCfg = Release|Win32
		{DB54CCE3-BC27-4E27-9A82-26D1CCC9ADD9}.Release|x64.ActiveCfg = Release|x64
		{DB54CCE3-BC27-4E27-9A82-26D1CCC9ADD9}.Release|x64.Build.0 = Release|x64
		{DB54CCE3-BC27-4E27-9A82-26D1CCC9ADD9}.Release|x86.ActiveCfg = Release|Win32
		{DB54CCE3-BC27-4E27-9A82-26D1CCC9ADD9}.Release|x86.Build.0 = Release|Win32
		{EA9C8ACA-C531-43F7-918F-E64FD40CFD6D}.Debug|Any CPU.ActiveCfg = Debug|Win32
		{EA9C8ACA-C531-43F7-918F-E64FD40CFD6D}.Debug|ARM.ActiveCfg = Debug|Win32
		{EA9C8ACA-C531-43F7-918F-E64FD40CFD6D}.Debug|x64.ActiveCfg = Debug|x64
		{EA9C8ACA-C531-43F7-918F-E64FD40CFD6D}.Debug|x64.Build.0 = Debug|x64
		{EA9C8ACA-C531-43F7-918F-E64FD40CFD6D}.Debug|x86.ActiveCfg = Debug|Win32
		{EA9C8ACA-C531-43F7-918F-E64FD40CFD6D}.Debug|x86.Build.0 = Debug|Win32
		{EA9C8ACA-C531-43F7-918F-E64FD40CFD6D}.Release|Any CPU.ActiveCfg = Release|Win32
		{EA9C8ACA-C531-43F7-918F-E64FD40CFD6D}.Release|ARM.ActiveCfg = Release|Win32
		{EA9C8ACA-C531-43F7-918F-E64FD40CFD6D}.Release|x64.ActiveCfg = Release|x64
		{EA9C8ACA-C531-43F7-918F-E64FD40CFD6D}.Release|x64.Build.0 = Release|x64
		{EA9C8ACA-C531-43F7-918F-E64FD40CFD6D}.Release|x86.ActiveCfg = Release|Win32
		{EA9C8ACA-C531-43F7-918F-E64FD40CFD6D}.Release|x86.Build.0 = Release|Win32
		{D2CFFBD2-AFF4-4C21-9C0F-31218F25AA2F}.Debug|Any CPU.ActiveCfg = Debug|Win32
		{D2CFFBD2-AFF4-4C21-9C0F-31218F25AA2F}.Debug|ARM.ActiveCfg = Debug|Win32
		{D2CFFBD2-AFF4-4C21-9C0F-31218F25AA2F}.Debug|x64.ActiveCfg = Debug|x64
		{D2CFFBD2-AFF4-4C21-9C0F-31218F25AA2F}.Debug|x64.Build.0 = Debug|x64
		{D2CFFBD2-AFF4-4C21-9C0F-31218F25AA2F}.Debug|x86.ActiveCfg = Debug|Win32
		{D2CFFBD2-AFF4-4C21-9C0F-31218F25AA2F}.Debug|x86.Build.0 = Debug|Win32
		{D2CFFBD2-AFF4-4C21-9C0F-31218F25AA2F}.Release|Any CPU.ActiveCfg = Release|Win32
		{D2CFFBD2-AFF4-4C21-9C0F-31218F25AA2F}.Release|ARM.ActiveCfg = Release|Win32
		{D2CFFBD2-AFF4-4C21-9C0F-31218F25AA2F}.Release|x64.ActiveCfg = Release|x64
		{D2CFFBD2-AFF4-4C21-9C0F-31218F25AA2F}.Release|x64.Build.0 = Release|x64
		{D2CFFBD2-AFF4-4C21-9C0F-31218F25AA2F}.Release|x86.ActiveCfg = Release|Win32
		{D2CFFBD2-AFF4-4C21-9C0F-31218F25AA2F}.Release|x86.Build.0 = Release|Win32
		{87297CD0-79F1-4B2A-8019-96CAA4D6C748}.Debug|Any CPU.ActiveCfg = Debug|Win32
		{87297CD0-79F1-4B2A-8019-96CAA4D6C748}.Debug|ARM.ActiveCfg = Debug|Win32
		{87297CD0-79F1-4B2A-8019-96CAA4D6C748}.Debug|x64.ActiveCfg = Debug|x64
		{87297CD0-79F1-4B2A-8019-96CAA4D6C748}.Debug|x64.Build.0 = Debug|x64
		{87297CD0-79F1-4B2A-8019-96CAA4D6C748}.Debug|x86.ActiveCfg = Debug|Win32
		{87297CD0-79F1-4B2A-8019-96CAA4D6C748}.Debug|x86.Build.0 = Debug|Win32
		{87297CD0-79F1-4B2A-8019-96CAA4D6C748}.Release|Any CPU.ActiveCfg = Release|Win32
		{87297CD0-79F1-4B2A-8019-96CAA4D6C748}.Release|ARM.ActiveCfg = Release|Win32
		{87297CD0-79F1-4B2A-8019-96CAA4D6C748}.Release|x64.ActiveCfg = Release|x64
		{87297CD0-79F1-4B2A-8019-96CAA4D6C748}.Release|x64.Build.0 = Release|x64
		{87297CD0-79F1-4B2A-8019-96CAA4D6C748}.Release|x86.ActiveCfg = Release|Win32
		{87297CD0-79F1-4B2A-8019-96CAA4D6C748}.Release|x86.Build.0 = Release|Win32
		{79D21C82-CC50-4376-9973-57A45CBD979C}.Debug|Any CPU.ActiveCfg = Debug|Win32
		{79D21C82-CC50-4376-9973-57A45CBD979C}.Debug|ARM.ActiveCfg = Debug|Win32
		{79D21C82-CC50-4376-9973-57A45CBD979C}.Debug|x64.ActiveCfg = Debug|x64
		{79D21C82-CC50-4376-9973-57A45CBD979C}.Debug|x64.Build.0 = Debug|x64
		{79D21C82-CC50-4376-9973-57A45CBD979C}.Debug|x86.ActiveCfg = Debug|Win32
		{79D21C82-CC50-4376-9973-57A45CBD979C}.Debug|x86.Build.0 = Debug|Win32
		{79D21C82-CC50-4376-9973-57A45CBD979C}.Release|Any CPU.ActiveCfg = Release|Win32
		{79D21C82-CC50-4376-9973-57A45CBD979C}.Release|ARM.ActiveCfg = Release|Win32
		{79D21C82-CC50-4376-9973-57A45CBD979C}.Release|x64.ActiveCfg = Release|x64
		{79D21C82-CC50-4376-9973-57A45CBD979C}.Release|x64.Build.0 = Release|x64
		{79D21C82-CC50-4376-9973-57A45CBD979C}.Release|x86.ActiveCfg = Release|Win32
		{79D21C82-CC50-4376-9973-57A45CBD979C}.Release|x86.Build.0 = Release|Win32
		{D8CD81FD-34C3-429F-A1DE-D043C8C79F22}.Debug|Any CPU.ActiveCfg = Debug|Win32
		{D8CD81FD-34C3-429F-A1DE-D043C8C79F22}.Debug|ARM.ActiveCfg = Debug|Win32
		{D8CD81FD-34C3-429F-A1DE-D043C8C79F22}.Debug|x64.ActiveCfg = Debug|x64
		{D8CD81FD-34C3-429F-A1DE-D043C8C79F22}.Debug|x64.Build.0 = Debug|x64
		{D8CD81FD-34C3-429F-A1DE-D043C8C79F22}.Debug|x86.ActiveCfg = Debug|Win32
		{D8CD81FD-34C3-429F-A1DE-D043C8C79F22}.Debug|x86.Build.0 = Debug|Win32
		{D8CD81FD-34C3-429F-A1DE-D043C8C79F22}.Release|Any CPU.ActiveCfg = Release|Win32
		{D8CD81FD-34C3-429F-A1DE-D043C8C79F22}.Release|ARM.ActiveCfg = Release|Win32
		{D8CD81FD-34C3-429F-A1DE-D043C8C79F22}.Release|x64.ActiveCfg = Release|x64
		{D8CD81FD-34C3-429F-A1DE-D043C8C79F22}.Release|x64.Build.0 = Release|x64
		{D8CD81FD-34C3-429F-A1DE-D043C8C79F22}.Release|x86.ActiveCfg = Release|Win32
		{D8CD81FD-34C3-429F-A1DE-D043C8C79F22}.Release|x86.Build.0 = Release|Win32
	EndGlobalSection
	GlobalSection(SolutionProperties) = preSolution
		HideSolutionNode = FALSE
	EndGlobalSection
EndGlobal
